# THIS IS AN AUTOGENERATED FILE. DO NOT EDIT THIS FILE DIRECTLY.
# yarn lockfile v1


prettier@^3.9.10:
  version "3.9.10"
  resolved "https://registry.yarnpkg.com/prettier/-/prettier-3.9.10.tgz#ac378e432f1a7381518f2e080816bbaefa38d585"
  integrity sha512-skGHTH1Yb9QvaTC4hWnRTzEYtCpApF0UMBPz+t/0ZPzP8ihefo/btKd+QA7pUE0fEwA1SbS/NmhyEcstdXOIdA==
