# THIS IS AN AUTOGENERATED FILE. DO NOT EDIT THIS FILE DIRECTLY.
# yarn lockfile v1


prettier@^2.0.3:
  version "2.0.3"
  resolved "https://registry.yarnpkg.com/prettier/-/prettier-2.0.3.tgz#9a06f0e94a51420e78b6925568b5bec72afe41ea"
  integrity sha512-5qpBDBHO9fpE0zruKiTZm8Gxmz7kknO+WlQR/ivV+RMwgDw/WjOgmxLDn66MPrxq/WZPx/EgEZzh87xJO5E6Fw==
